
Microsoft Visual Studio Solution File, Format Version 12.00
# Visual Studio Version 16
VisualStudioVersion = 16.0.31410.357
MinimumVisualStudioVersion = 10.0.40219.1
Project("{FAE04EC0-301F-11D3-BF4B-00C04F79EFBC}") = "FizzBuzzChallenge", "FizzBuzzChallenge.csproj", "{5E7468E9-31B9-48EC-8966-3EF84C90EC6F}"
EndProject
Global
	GlobalSection(SolutionConfigurationPlatforms) = preSolution
		Debug|Any CPU = Debug|Any CPU
		Release|Any CPU = Release|Any CPU
	EndGlobalSection
	GlobalSection(ProjectConfigurationPlatforms) = postSolution
		{5E7468E9-31B9-48EC-8966-3EF84C90EC6F}.Debug|Any CPU.ActiveCfg = Debug|Any CPU
		{5E7468E9-31B9-48EC-8966-3EF84C90EC6F}.Debug|Any CPU.Build.0 = Debug|Any CPU
		{5E7468E9-31B9-48EC-8966-3EF84C90EC6F}.Release|Any CPU.ActiveCfg = Release|Any CPU
		{5E7468E9-31B9-48EC-8966-3EF84C90EC6F}.Release|Any CPU.Build.0 = Release|Any CPU
	EndGlobalSection
	GlobalSection(SolutionProperties) = preSolution
		HideSolutionNode = FALSE
	EndGlobalSection
	GlobalSection(ExtensibilityGlobals) = postSolution
		SolutionGuid = {143BE27B-F4F4-4E94-8EE6-698F99D532C6}
	EndGlobalSection
EndGlobal
